// !$*UTF8*$!
{
	archiveVersion = 1;
	classes = {
	};
	objectVersion = 51;
	objects = {

/* Begin PBXBuildFile section */
		780A92D02394ACFA00F36128 /* SignInViewController.swift in Sources */ = {isa = PBXBuildFile; fileRef = 780A92CF2394ACFA00F36128 /* SignInViewController.swift */; };
		780A92D22394B39B00F36128 /* SignUpViewController.swift in Sources */ = {isa = PBXBuildFile; fileRef = 780A92D12394B39B00F36128 /* SignUpViewController.swift */; };
		780A92D42394CCA400F36128 /* HomeViewController.swift in Sources */ = {isa = PBXBuildFile; fileRef = 780A92D32394CCA400F36128 /* HomeViewController.swift */; };
		780A92D62394CD2400F36128 /* AddViewController.swift in Sources */ = {isa = PBXBuildFile; fileRef = 780A92D52394CD2400F36128 /* AddViewController.swift */; };
		780A92D82394E31900F36128 /* TabBarViewController.swift in Sources */ = {isa = PBXBuildFile; fileRef = 780A92D72394E31900F36128 /* TabBarViewController.swift */; };
		78BC5E4723957BC400B4240F /* Main.storyboard in Resources */ = {isa = PBXBuildFile; fileRef = 78BC5E4523957BC400B4240F /* Main.storyboard */; };
		78E61C89239760C4001300CE /* BookDetailsViewController.swift in Sources */ = {isa = PBXBuildFile; fileRef = 78E61C88239760C4001300CE /* BookDetailsViewController.swift */; };
		78E958AE2365D8190031BABA /* GoogleService-Info.plist in Resources */ = {isa = PBXBuildFile; fileRef = 78E958AD2365D8180031BABA /* GoogleService-Info.plist */; };
		78E958B02365DA5D0031BABA /* Constants.swift in Sources */ = {isa = PBXBuildFile; fileRef = 78E958AF2365DA5D0031BABA /* Constants.swift */; };
		78FED43423962D7500FBF36B /* DemoTableViewCell.swift in Sources */ = {isa = PBXBuildFile; fileRef = 78FED43223962D7500FBF36B /* DemoTableViewCell.swift */; };
		78FED43523962D7500FBF36B /* DemoTableViewCell.xib in Resources */ = {isa = PBXBuildFile; fileRef = 78FED43323962D7500FBF36B /* DemoTableViewCell.xib */; };
		78FED43723968EDF00FBF36B /* AccountViewController.swift in Sources */ = {isa = PBXBuildFile; fileRef = 78FED43623968EDF00FBF36B /* AccountViewController.swift */; };
		78FF89BC236598A7002B3C08 /* AppDelegate.swift in Sources */ = {isa = PBXBuildFile; fileRef = 78FF89BB236598A7002B3C08 /* AppDelegate.swift */; };
		78FF89BE236598A7002B3C08 /* ChatViewController.swift in Sources */ = {isa = PBXBuildFile; fileRef = 78FF89BD236598A7002B3C08 /* ChatViewController.swift */; };
		78FF89C3236598AB002B3C08 /* Assets.xcassets in Resources */ = {isa = PBXBuildFile; fileRef = 78FF89C2236598AB002B3C08 /* Assets.xcassets */; };
		78FF89C6236598AB002B3C08 /* LaunchScreen.storyboard in Resources */ = {isa = PBXBuildFile; fileRef = 78FF89C4236598AB002B3C08 /* LaunchScreen.storyboard */; };
		78FF89CE2365A5B9002B3C08 /* Podfile in Resources */ = {isa = PBXBuildFile; fileRef = 78FF89CD2365A5B9002B3C08 /* Podfile */; };
		C532FBABE5BBE285488AFAAB /* Pods_BookShareChat.framework in Frameworks */ = {isa = PBXBuildFile; fileRef = DD520618F6E376380E3FFE17 /* Pods_BookShareChat.framework */; };
/* End PBXBuildFile section */

/* Begin PBXFileReference section */
		780A92CF2394ACFA00F36128 /* SignInViewController.swift */ = {isa = PBXFileReference; lastKnownFileType = sourcecode.swift; path = SignInViewController.swift; sourceTree = "<group>"; };
		780A92D12394B39B00F36128 /* SignUpViewController.swift */ = {isa = PBXFileReference; lastKnownFileType = sourcecode.swift; path = SignUpViewController.swift; sourceTree = "<group>"; };
		780A92D32394CCA400F36128 /* HomeViewController.swift */ = {isa = PBXFileReference; lastKnownFileType = sourcecode.swift; path = HomeViewController.swift; sourceTree = "<group>"; };
		780A92D52394CD2400F36128 /* AddViewController.swift */ = {isa = PBXFileReference; lastKnownFileType = sourcecode.swift; path = AddViewController.swift; sourceTree = "<group>"; };
		780A92D72394E31900F36128 /* TabBarViewController.swift */ = {isa = PBXFileReference; lastKnownFileType = sourcecode.swift; path = TabBarViewController.swift; sourceTree = "<group>"; };
		78BC5E4623957BC400B4240F /* Base */ = {isa = PBXFileReference; lastKnownFileType = file.storyboard; name = Base; path = Base.lproj/Main.storyboard; sourceTree = "<group>"; };
		78E61C88239760C4001300CE /* BookDetailsViewController.swift */ = {isa = PBXFileReference; lastKnownFileType = sourcecode.swift; path = BookDetailsViewController.swift; sourceTree = "<group>"; };
		78E958AC2365A7420031BABA /* Bridging-Header.h */ = {isa = PBXFileReference; lastKnownFileType = sourcecode.c.h; path = "Bridging-Header.h"; sourceTree = "<group>"; };
		78E958AD2365D8180031BABA /* GoogleService-Info.plist */ = {isa = PBXFileReference; fileEncoding = 4; lastKnownFileType = text.plist.xml; path = "GoogleService-Info.plist"; sourceTree = "<group>"; };
		78E958AF2365DA5D0031BABA /* Constants.swift */ = {isa = PBXFileReference; lastKnownFileType = sourcecode.swift; path = Constants.swift; sourceTree = "<group>"; };
		78FED43223962D7500FBF36B /* DemoTableViewCell.swift */ = {isa = PBXFileReference; lastKnownFileType = sourcecode.swift; path = DemoTableViewCell.swift; sourceTree = "<group>"; };
		78FED43323962D7500FBF36B /* DemoTableViewCell.xib */ = {isa = PBXFileReference; lastKnownFileType = file.xib; path = DemoTableViewCell.xib; sourceTree = "<group>"; };
		78FED43623968EDF00FBF36B /* AccountViewController.swift */ = {isa = PBXFileReference; lastKnownFileType = sourcecode.swift; path = AccountViewController.swift; sourceTree = "<group>"; };
		78FF89B8236598A7002B3C08 /* BookShareChat.app */ = {isa = PBXFileReference; explicitFileType = wrapper.application; includeInIndex = 0; path = BookShareChat.app; sourceTree = BUILT_PRODUCTS_DIR; };
		78FF89BB236598A7002B3C08 /* AppDelegate.swift */ = {isa = PBXFileReference; lastKnownFileType = sourcecode.swift; path = AppDelegate.swift; sourceTree = "<group>"; };
		78FF89BD236598A7002B3C08 /* ChatViewController.swift */ = {isa = PBXFileReference; lastKnownFileType = sourcecode.swift; path = ChatViewController.swift; sourceTree = "<group>"; };
		78FF89C2236598AB002B3C08 /* Assets.xcassets */ = {isa = PBXFileReference; lastKnownFileType = folder.assetcatalog; path = Assets.xcassets; sourceTree = "<group>"; };
		78FF89C5236598AB002B3C08 /* Base */ = {isa = PBXFileReference; lastKnownFileType = file.storyboard; name = Base; path = Base.lproj/LaunchScreen.storyboard; sourceTree = "<group>"; };
		78FF89C7236598AB002B3C08 /* Info.plist */ = {isa = PBXFileReference; lastKnownFileType = text.plist.xml; path = Info.plist; sourceTree = "<group>"; };
		78FF89CD2365A5B9002B3C08 /* Podfile */ = {isa = PBXFileReference; lastKnownFileType = text; path = Podfile; sourceTree = "<group>"; xcLanguageSpecificationIdentifier = xcode.lang.ruby; };
		B2F9B9F7CB9430487E156396 /* Pods-BookShareChat.release.xcconfig */ = {isa = PBXFileReference; includeInIndex = 1; lastKnownFileType = text.xcconfig; name = "Pods-BookShareChat.release.xcconfig"; path = "Target Support Files/Pods-BookShareChat/Pods-BookShareChat.release.xcconfig"; sourceTree = "<group>"; };
		D36B0D5C50BD28B8EDED6292 /* Pods-BookShareChat.debug.xcconfig */ = {isa = PBXFileReference; includeInIndex = 1; lastKnownFileType = text.xcconfig; name = "Pods-BookShareChat.debug.xcconfig"; path = "Target Support Files/Pods-BookShareChat/Pods-BookShareChat.debug.xcconfig"; sourceTree = "<group>"; };
		DD520618F6E376380E3FFE17 /* Pods_BookShareChat.framework */ = {isa = PBXFileReference; explicitFileType = wrapper.framework; includeInIndex = 0; path = Pods_BookShareChat.framework; sourceTree = BUILT_PRODUCTS_DIR; };
/* End PBXFileReference section */

/* Begin PBXFrameworksBuildPhase section */
		78FF89B5236598A7002B3C08 /* Frameworks */ = {
			isa = PBXFrameworksBuildPhase;
			buildActionMask = 2147483647;
			files = (
				C532FBABE5BBE285488AFAAB /* Pods_BookShareChat.framework in Frameworks */,
			);
			runOnlyForDeploymentPostprocessing = 0;
		};
/* End PBXFrameworksBuildPhase section */

/* Begin PBXGroup section */
		0450D76D0B42F20D7D00F51F /* Pods */ = {
			isa = PBXGroup;
			children = (
				D36B0D5C50BD28B8EDED6292 /* Pods-BookShareChat.debug.xcconfig */,
				B2F9B9F7CB9430487E156396 /* Pods-BookShareChat.release.xcconfig */,
			);
			path = Pods;
			sourceTree = "<group>";
		};
		3D199A3192F3D854052B1AF9 /* Frameworks */ = {
			isa = PBXGroup;
			children = (
				DD520618F6E376380E3FFE17 /* Pods_BookShareChat.framework */,
			);
			name = Frameworks;
			sourceTree = "<group>";
		};
		78FF89AF236598A7002B3C08 = {
			isa = PBXGroup;
			children = (
				78E958AF2365DA5D0031BABA /* Constants.swift */,
				78E958AD2365D8180031BABA /* GoogleService-Info.plist */,
				78E958AC2365A7420031BABA /* Bridging-Header.h */,
				78FF89CD2365A5B9002B3C08 /* Podfile */,
				78FF89BA236598A7002B3C08 /* BookShareChat */,
				78FF89B9236598A7002B3C08 /* Products */,
				0450D76D0B42F20D7D00F51F /* Pods */,
				3D199A3192F3D854052B1AF9 /* Frameworks */,
			);
			sourceTree = "<group>";
		};
		78FF89B9236598A7002B3C08 /* Products */ = {
			isa = PBXGroup;
			children = (
				78FF89B8236598A7002B3C08 /* BookShareChat.app */,
			);
			name = Products;
			sourceTree = "<group>";
		};
		78FF89BA236598A7002B3C08 /* BookShareChat */ = {
			isa = PBXGroup;
			children = (
				78FF89BB236598A7002B3C08 /* AppDelegate.swift */,
				78FF89BD236598A7002B3C08 /* ChatViewController.swift */,
				78FF89C2236598AB002B3C08 /* Assets.xcassets */,
				78FF89C4236598AB002B3C08 /* LaunchScreen.storyboard */,
				78BC5E4523957BC400B4240F /* Main.storyboard */,
				78FF89C7236598AB002B3C08 /* Info.plist */,
				780A92CF2394ACFA00F36128 /* SignInViewController.swift */,
				780A92D72394E31900F36128 /* TabBarViewController.swift */,
				780A92D12394B39B00F36128 /* SignUpViewController.swift */,
				780A92D32394CCA400F36128 /* HomeViewController.swift */,
				780A92D52394CD2400F36128 /* AddViewController.swift */,
				78FED43223962D7500FBF36B /* DemoTableViewCell.swift */,
				78FED43323962D7500FBF36B /* DemoTableViewCell.xib */,
				78FED43623968EDF00FBF36B /* AccountViewController.swift */,
				78E61C88239760C4001300CE /* BookDetailsViewController.swift */,
			);
			path = BookShareChat;
			sourceTree = "<group>";
		};
/* End PBXGroup section */

/* Begin PBXNativeTarget section */
		78FF89B7236598A7002B3C08 /* BookShareChat */ = {
			isa = PBXNativeTarget;
			buildConfigurationList = 78FF89CA236598AB002B3C08 /* Build configuration list for PBXNativeTarget "BookShareChat" */;
			buildPhases = (
				DE275DE9C89A8712FEC3F1BC /* [CP] Check Pods Manifest.lock */,
				78FF89B4236598A7002B3C08 /* Sources */,
				78FF89B5236598A7002B3C08 /* Frameworks */,
				78FF89B6236598A7002B3C08 /* Resources */,
				59518FC5EC5B0BD72D4D3EAA /* [CP] Embed Pods Frameworks */,
			);
			buildRules = (
			);
			dependencies = (
			);
			name = BookShareChat;
			productName = BookShareChat;
			productReference = 78FF89B8236598A7002B3C08 /* BookShareChat.app */;
			productType = "com.apple.product-type.application";
		};
/* End PBXNativeTarget section */

/* Begin PBXProject section */
		78FF89B0236598A7002B3C08 /* Project object */ = {
			isa = PBXProject;
			attributes = {
				LastSwiftUpdateCheck = 1030;
				LastUpgradeCheck = 1030;
				ORGANIZATIONNAME = cse.repon;
				TargetAttributes = {
					78FF89B7236598A7002B3C08 = {
						CreatedOnToolsVersion = 10.3;
					};
				};
			};
			buildConfigurationList = 78FF89B3236598A7002B3C08 /* Build configuration list for PBXProject "BookShareChat" */;
			compatibilityVersion = "Xcode 9.3";
			developmentRegion = en;
			hasScannedForEncodings = 0;
			knownRegions = (
				en,
				Base,
			);
			mainGroup = 78FF89AF236598A7002B3C08;
			productRefGroup = 78FF89B9236598A7002B3C08 /* Products */;
			projectDirPath = "";
			projectRoot = "";
			targets = (
				78FF89B7236598A7002B3C08 /* BookShareChat */,
			);
		};
/* End PBXProject section */

/* Begin PBXResourcesBuildPhase section */
		78FF89B6236598A7002B3C08 /* Resources */ = {
			isa = PBXResourcesBuildPhase;
			buildActionMask = 2147483647;
			files = (
				78FED43523962D7500FBF36B /* DemoTableViewCell.xib in Resources */,
				78FF89C6236598AB002B3C08 /* LaunchScreen.storyboard in Resources */,
				78BC5E4723957BC400B4240F /* Main.storyboard in Resources */,
				78FF89C3236598AB002B3C08 /* Assets.xcassets in Resources */,
				78E958AE2365D8190031BABA /* GoogleService-Info.plist in Resources */,
				78FF89CE2365A5B9002B3C08 /* Podfile in Resources */,
			);
			runOnlyForDeploymentPostprocessing = 0;
		};
/* End PBXResourcesBuildPhase section */

/* Begin PBXShellScriptBuildPhase section */
		59518FC5EC5B0BD72D4D3EAA /* [CP] Embed Pods Frameworks */ = {
			isa = PBXShellScriptBuildPhase;
			buildActionMask = 2147483647;
			files = (
			);
			inputFileListPaths = (
				"${PODS_ROOT}/Target Support Files/Pods-BookShareChat/Pods-BookShareChat-frameworks-${CONFIGURATION}-input-files.xcfilelist",
			);
			name = "[CP] Embed Pods Frameworks";
			outputFileListPaths = (
				"${PODS_ROOT}/Target Support Files/Pods-BookShareChat/Pods-BookShareChat-frameworks-${CONFIGURATION}-output-files.xcfilelist",
			);
			runOnlyForDeploymentPostprocessing = 0;
			shellPath = /bin/sh;
			shellScript = "\"${PODS_ROOT}/Target Support Files/Pods-BookShareChat/Pods-BookShareChat-frameworks.sh\"\n";
			showEnvVarsInLog = 0;
		};
		DE275DE9C89A8712FEC3F1BC /* [CP] Check Pods Manifest.lock */ = {
			isa = PBXShellScriptBuildPhase;
			buildActionMask = 2147483647;
			files = (
			);
			inputFileListPaths = (
			);
			inputPaths = (
				"${PODS_PODFILE_DIR_PATH}/Podfile.lock",
				"${PODS_ROOT}/Manifest.lock",
			);
			name = "[CP] Check Pods Manifest.lock";
			outputFileListPaths = (
			);
			outputPaths = (
				"$(DERIVED_FILE_DIR)/Pods-BookShareChat-checkManifestLockResult.txt",
			);
			runOnlyForDeploymentPostprocessing = 0;
			shellPath = /bin/sh;
			shellScript = "diff \"${PODS_PODFILE_DIR_PATH}/Podfile.lock\" \"${PODS_ROOT}/Manifest.lock\" > /dev/null\nif [ $? != 0 ] ; then\n    # print error to STDERR\n    echo \"error: The sandbox is not in sync with the Podfile.lock. Run 'pod install' or update your CocoaPods installation.\" >&2\n    exit 1\nfi\n# This output is used by Xcode 'outputs' to avoid re-running this script phase.\necho \"SUCCESS\" > \"${SCRIPT_OUTPUT_FILE_0}\"\n";
			showEnvVarsInLog = 0;
		};
/* End PBXShellScriptBuildPhase section */

/* Begin PBXSourcesBuildPhase section */
		78FF89B4236598A7002B3C08 /* Sources */ = {
			isa = PBXSourcesBuildPhase;
			buildActionMask = 2147483647;
			files = (
				78FED43423962D7500FBF36B /* DemoTableViewCell.swift in Sources */,
				780A92D82394E31900F36128 /* TabBarViewController.swift in Sources */,
				780A92D02394ACFA00F36128 /* SignInViewController.swift in Sources */,
				78FF89BE236598A7002B3C08 /* ChatViewController.swift in Sources */,
				780A92D62394CD2400F36128 /* AddViewController.swift in Sources */,
				78E61C89239760C4001300CE /* BookDetailsViewController.swift in Sources */,
				78FF89BC236598A7002B3C08 /* AppDelegate.swift in Sources */,
				78FED43723968EDF00FBF36B /* AccountViewController.swift in Sources */,
				78E958B02365DA5D0031BABA /* Constants.swift in Sources */,
				780A92D22394B39B00F36128 /* SignUpViewController.swift in Sources */,
				780A92D42394CCA400F36128 /* HomeViewController.swift in Sources */,
			);
			runOnlyForDeploymentPostprocessing = 0;
		};
/* End PBXSourcesBuildPhase section */

/* Begin PBXVariantGroup section */
		78BC5E4523957BC400B4240F /* Main.storyboard */ = {
			isa = PBXVariantGroup;
			children = (
				78BC5E4623957BC400B4240F /* Base */,
			);
			name = Main.storyboard;
			sourceTree = "<group>";
		};
		78FF89C4236598AB002B3C08 /* LaunchScreen.storyboard */ = {
			isa = PBXVariantGroup;
			children = (
				78FF89C5236598AB002B3C08 /* Base */,
			);
			name = LaunchScreen.storyboard;
			sourceTree = "<group>";
		};
/* End PBXVariantGroup section */

/* Begin XCBuildConfiguration section */
		78FF89C8236598AB002B3C08 /* Debug */ = {
			isa = XCBuildConfiguration;
			buildSettings = {
				ALWAYS_SEARCH_USER_PATHS = NO;
				CLANG_ANALYZER_NONNULL = YES;
				CLANG_ANALYZER_NUMBER_OBJECT_CONVERSION = YES_AGGRESSIVE;
				CLANG_CXX_LANGUAGE_STANDARD = "gnu++14";
				CLANG_CXX_LIBRARY = "libc++";
				CLANG_ENABLE_MODULES = YES;
				CLANG_ENABLE_OBJC_ARC = YES;
				CLANG_ENABLE_OBJC_WEAK = YES;
				CLANG_WARN_BLOCK_CAPTURE_AUTORELEASING = YES;
				CLANG_WARN_BOOL_CONVERSION = YES;
				CLANG_WARN_COMMA = YES;
				CLANG_WARN_CONSTANT_CONVERSION = YES;
				CLANG_WARN_DEPRECATED_OBJC_IMPLEMENTATIONS = YES;
				CLANG_WARN_DIRECT_OBJC_ISA_USAGE = YES_ERROR;
				CLANG_WARN_DOCUMENTATION_COMMENTS = YES;
				CLANG_WARN_EMPTY_BODY = YES;
				CLANG_WARN_ENUM_CONVERSION = YES;
				CLANG_WARN_INFINITE_RECURSION = YES;
				CLANG_WARN_INT_CONVERSION = YES;
				CLANG_WARN_NON_LITERAL_NULL_CONVERSION = YES;
				CLANG_WARN_OBJC_IMPLICIT_RETAIN_SELF = YES;
				CLANG_WARN_OBJC_LITERAL_CONVERSION = YES;
				CLANG_WARN_OBJC_ROOT_CLASS = YES_ERROR;
				CLANG_WARN_RANGE_LOOP_ANALYSIS = YES;
				CLANG_WARN_STRICT_PROTOTYPES = YES;
				CLANG_WARN_SUSPICIOUS_MOVE = YES;
				CLANG_WARN_UNGUARDED_AVAILABILITY = YES_AGGRESSIVE;
				CLANG_WARN_UNREACHABLE_CODE = YES;
				CLANG_WARN__DUPLICATE_METHOD_MATCH = YES;
				CODE_SIGN_IDENTITY = "iPhone Developer";
				COPY_PHASE_STRIP = NO;
				DEBUG_INFORMATION_FORMAT = dwarf;
				ENABLE_STRICT_OBJC_MSGSEND = YES;
				ENABLE_TESTABILITY = YES;
				GCC_C_LANGUAGE_STANDARD = gnu11;
				GCC_DYNAMIC_NO_PIC = NO;
				GCC_NO_COMMON_BLOCKS = YES;
				GCC_OPTIMIZATION_LEVEL = 0;
				GCC_PREPROCESSOR_DEFINITIONS = (
					"DEBUG=1",
					"$(inherited)",
				);
				GCC_WARN_64_TO_32_BIT_CONVERSION = YES;
				GCC_WARN_ABOUT_RETURN_TYPE = YES_ERROR;
				GCC_WARN_UNDECLARED_SELECTOR = YES;
				GCC_WARN_UNINITIALIZED_AUTOS = YES_AGGRESSIVE;
				GCC_WARN_UNUSED_FUNCTION = YES;
				GCC_WARN_UNUSED_VARIABLE = YES;
				IPHONEOS_DEPLOYMENT_TARGET = 12.4;
				MTL_ENABLE_DEBUG_INFO = INCLUDE_SOURCE;
				MTL_FAST_MATH = YES;
				ONLY_ACTIVE_ARCH = YES;
				SDKROOT = iphoneos;
				SWIFT_ACTIVE_COMPILATION_CONDITIONS = DEBUG;
				SWIFT_OPTIMIZATION_LEVEL = "-Onone";
			};
			name = Debug;
		};
		78FF89C9236598AB002B3C08 /* Release */ = {
			isa = XCBuildConfiguration;
			buildSettings = {
				ALWAYS_SEARCH_USER_PATHS = NO;
				CLANG_ANALYZER_NONNULL = YES;
				CLANG_ANALYZER_NUMBER_OBJECT_CONVERSION = YES_AGGRESSIVE;
				CLANG_CXX_LANGUAGE_STANDARD = "gnu++14";
				CLANG_CXX_LIBRARY = "libc++";
				CLANG_ENABLE_MODULES = YES;
				CLANG_ENABLE_OBJC_ARC = YES;
				CLANG_ENABLE_OBJC_WEAK = YES;
				CLANG_WARN_BLOCK_CAPTURE_AUTORELEASING = YES;
				CLANG_WARN_BOOL_CONVERSION = YES;
				CLANG_WARN_COMMA = YES;
				CLANG_WARN_CONSTANT_CONVERSION = YES;
				CLANG_WARN_DEPRECATED_OBJC_IMPLEMENTATIONS = YES;
				CLANG_WARN_DIRECT_OBJC_ISA_USAGE = YES_ERROR;
				CLANG_WARN_DOCUMENTATION_COMMENTS = YES;
				CLANG_WARN_EMPTY_BODY = YES;
				CLANG_WARN_ENUM_CONVERSION = YES;
				CLANG_WARN_INFINITE_RECURSION = YES;
				CLANG_WARN_INT_CONVERSION = YES;
				CLANG_WARN_NON_LITERAL_NULL_CONVERSION = YES;
				CLANG_WARN_OBJC_IMPLICIT_RETAIN_SELF = YES;
				CLANG_WARN_OBJC_LITERAL_CONVERSION = YES;
				CLANG_WARN_OBJC_ROOT_CLASS = YES_ERROR;
				CLANG_WARN_RANGE_LOOP_ANALYSIS = YES;
				CLANG_WARN_STRICT_PROTOTYPES = YES;
				CLANG_WARN_SUSPICIOUS_MOVE = YES;
				CLANG_WARN_UNGUARDED_AVAILABILITY = YES_AGGRESSIVE;
				CLANG_WARN_UNREACHABLE_CODE = YES;
				CLANG_WARN__DUPLICATE_METHOD_MATCH = YES;
				CODE_SIGN_IDENTITY = "iPhone Developer";
				COPY_PHASE_STRIP = NO;
				DEBUG_INFORMATION_FORMAT = "dwarf-with-dsym";
				ENABLE_NS_ASSERTIONS = NO;
				ENABLE_STRICT_OBJC_MSGSEND = YES;
				GCC_C_LANGUAGE_STANDARD = gnu11;
				GCC_NO_COMMON_BLOCKS = YES;
				GCC_WARN_64_TO_32_BIT_CONVERSION = YES;
				GCC_WARN_ABOUT_RETURN_TYPE = YES_ERROR;
				GCC_WARN_UNDECLARED_SELECTOR = YES;
				GCC_WARN_UNINITIALIZED_AUTOS = YES_AGGRESSIVE;
				GCC_WARN_UNUSED_FUNCTION = YES;
				GCC_WARN_UNUSED_VARIABLE = YES;
				IPHONEOS_DEPLOYMENT_TARGET = 12.4;
				MTL_ENABLE_DEBUG_INFO = NO;
				MTL_FAST_MATH = YES;
				SDKROOT = iphoneos;
				SWIFT_COMPILATION_MODE = wholemodule;
				SWIFT_OPTIMIZATION_LEVEL = "-O";
				VALIDATE_PRODUCT = YES;
			};
			name = Release;
		};
		78FF89CB236598AB002B3C08 /* Debug */ = {
			isa = XCBuildConfiguration;
			baseConfigurationReference = D36B0D5C50BD28B8EDED6292 /* Pods-BookShareChat.debug.xcconfig */;
			buildSettings = {
				ASSETCATALOG_COMPILER_APPICON_NAME = AppIcon;
				CODE_SIGN_STYLE = Automatic;
				INFOPLIST_FILE = BookShareChat/Info.plist;
				LD_RUNPATH_SEARCH_PATHS = (
					"$(inherited)",
					"@executable_path/Frameworks",
				);
				PRODUCT_BUNDLE_IDENTIFIER = kuet.BookShareChat;
				PRODUCT_NAME = "$(TARGET_NAME)";
				SWIFT_OBJC_BRIDGING_HEADER = "Bridging-Header.h";
				SWIFT_VERSION = 5.0;
				TARGETED_DEVICE_FAMILY = "1,2";
			};
			name = Debug;
		};
		78FF89CC236598AB002B3C08 /* Release */ = {
			isa = XCBuildConfiguration;
			baseConfigurationReference = B2F9B9F7CB9430487E156396 /* Pods-BookShareChat.release.xcconfig */;
			buildSettings = {
				ASSETCATALOG_COMPILER_APPICON_NAME = AppIcon;
				CODE_SIGN_STYLE = Automatic;
				INFOPLIST_FILE = BookShareChat/Info.plist;
				LD_RUNPATH_SEARCH_PATHS = (
					"$(inherited)",
					"@executable_path/Frameworks",
				);
				PRODUCT_BUNDLE_IDENTIFIER = kuet.BookShareChat;
				PRODUCT_NAME = "$(TARGET_NAME)";
				SWIFT_OBJC_BRIDGING_HEADER = "Bridging-Header.h";
				SWIFT_VERSION = 5.0;
				TARGETED_DEVICE_FAMILY = "1,2";
			};
			name = Release;
		};
/* End XCBuildConfiguration section */

/* Begin XCConfigurationList section */
		78FF89B3236598A7002B3C08 /* Build configuration list for PBXProject "BookShareChat" */ = {
			isa = XCConfigurationList;
			buildConfigurations = (
				78FF89C8236598AB002B3C08 /* Debug */,
				78FF89C9236598AB002B3C08 /* Release */,
			);
			defaultConfigurationIsVisible = 0;
			defaultConfigurationName = Release;
		};
		78FF89CA236598AB002B3C08 /* Build configuration list for PBXNativeTarget "BookShareChat" */ = {
			isa = XCConfigurationList;
			buildConfigurations = (
				78FF89CB236598AB002B3C08 /* Debug */,
				78FF89CC236598AB002B3C08 /* Release */,
			);
			defaultConfigurationIsVisible = 0;
			defaultConfigurationName = Release;
		};
/* End XCConfigurationList section */
	};
	rootObject = 78FF89B0236598A7002B3C08 /* Project object */;
}
